<?xml version="1.0" encoding="UTF-8"?>
<!DOCTYPE plist PUBLIC "-//Apple//DTD PLIST 1.0//EN" "http://www.apple.com/DTDs/PropertyList-1.0.dtd">
<plist version="1.0">
<dict>
	<key>archiveVersion</key>
	<string>1</string>
	<key>classes</key>
	<dict/>
	<key>objectVersion</key>
	<string>46</string>
	<key>objects</key>
	<dict>
		<key>1C5AFB7B182103830006F7D9</key>
		<dict>
			<key>fileEncoding</key>
			<string>4</string>
			<key>isa</key>
			<string>PBXFileReference</string>
			<key>lastKnownFileType</key>
			<string>sourcecode.c.h</string>
			<key>path</key>
			<string>TAXLabelCell.h</string>
			<key>sourceTree</key>
			<string>&lt;group&gt;</string>
		</dict>
		<key>1C5AFB7C182103830006F7D9</key>
		<dict>
			<key>fileEncoding</key>
			<string>4</string>
			<key>isa</key>
			<string>PBXFileReference</string>
			<key>lastKnownFileType</key>
			<string>sourcecode.c.objc</string>
			<key>path</key>
			<string>TAXLabelCell.m</string>
			<key>sourceTree</key>
			<string>&lt;group&gt;</string>
		</dict>
		<key>1C5AFB7D182103830006F7D9</key>
		<dict>
			<key>fileRef</key>
			<string>1C5AFB7C182103830006F7D9</string>
			<key>isa</key>
			<string>PBXBuildFile</string>
		</dict>
		<key>1CAFF114181F721A00BD4E4E</key>
		<dict>
			<key>children</key>
			<array>
				<string>1CBF9E481823584800898EE0</string>
				<string>1CBF9E491823584800898EE0</string>
				<string>1CBF9E4A1823584800898EE0</string>
				<string>1CAFF158181F7D7000BD4E4E</string>
				<string>1CAFF126181F721A00BD4E4E</string>
				<string>1CAFF148181F721A00BD4E4E</string>
				<string>1CAFF11F181F721A00BD4E4E</string>
				<string>1CAFF11E181F721A00BD4E4E</string>
				<string>C82F24B8B57C49EE043954D9</string>
			</array>
			<key>isa</key>
			<string>PBXGroup</string>
			<key>sourceTree</key>
			<string>&lt;group&gt;</string>
		</dict>
		<key>1CAFF115181F721A00BD4E4E</key>
		<dict>
			<key>attributes</key>
			<dict>
				<key>LastUpgradeCheck</key>
				<string>0510</string>
				<key>ORGANIZATIONNAME</key>
				<string>Twelve Axis</string>
				<key>TargetAttributes</key>
				<dict>
					<key>1CAFF140181F721A00BD4E4E</key>
					<dict>
						<key>TestTargetID</key>
						<string>1CAFF11C181F721A00BD4E4E</string>
					</dict>
				</dict>
			</dict>
			<key>buildConfigurationList</key>
			<string>1CAFF118181F721A00BD4E4E</string>
			<key>compatibilityVersion</key>
			<string>Xcode 3.2</string>
			<key>developmentRegion</key>
			<string>English</string>
			<key>hasScannedForEncodings</key>
			<string>0</string>
			<key>isa</key>
			<string>PBXProject</string>
			<key>knownRegions</key>
			<array>
				<string>en</string>
				<string>Base</string>
			</array>
			<key>mainGroup</key>
			<string>1CAFF114181F721A00BD4E4E</string>
			<key>productRefGroup</key>
			<string>1CAFF11E181F721A00BD4E4E</string>
			<key>projectDirPath</key>
			<string></string>
			<key>projectReferences</key>
			<array/>
			<key>projectRoot</key>
			<string></string>
			<key>targets</key>
			<array>
				<string>1CAFF11C181F721A00BD4E4E</string>
				<string>1CAFF140181F721A00BD4E4E</string>
			</array>
		</dict>
		<key>1CAFF118181F721A00BD4E4E</key>
		<dict>
			<key>buildConfigurations</key>
			<array>
				<string>1CAFF150181F721A00BD4E4E</string>
				<string>1CAFF151181F721A00BD4E4E</string>
			</array>
			<key>defaultConfigurationIsVisible</key>
			<string>0</string>
			<key>defaultConfigurationName</key>
			<string>Release</string>
			<key>isa</key>
			<string>XCConfigurationList</string>
		</dict>
		<key>1CAFF119181F721A00BD4E4E</key>
		<dict>
			<key>buildActionMask</key>
			<string>2147483647</string>
			<key>files</key>
			<array>
				<string>1CAFF13A181F721A00BD4E4E</string>
				<string>1CAFF131181F721A00BD4E4E</string>
				<string>1CAFF15B181F7D7000BD4E4E</string>
				<string>1CAFF12D181F721A00BD4E4E</string>
				<string>1C5AFB7D182103830006F7D9</string>
			</array>
			<key>isa</key>
			<string>PBXSourcesBuildPhase</string>
			<key>runOnlyForDeploymentPostprocessing</key>
			<string>0</string>
		</dict>
		<key>1CAFF11A181F721A00BD4E4E</key>
		<dict>
			<key>buildActionMask</key>
			<string>2147483647</string>
			<key>files</key>
			<array>
				<string>1CAFF123181F721A00BD4E4E</string>
				<string>1CAFF125181F721A00BD4E4E</string>
				<string>1CAFF121181F721A00BD4E4E</string>
				<string>5042F16A0FA34CA38A08D6FA</string>
			</array>
			<key>isa</key>
			<string>PBXFrameworksBuildPhase</string>
			<key>runOnlyForDeploymentPostprocessing</key>
			<string>0</string>
		</dict>
		<key>1CAFF11B181F721A00BD4E4E</key>
		<dict>
			<key>buildActionMask</key>
			<string>2147483647</string>
			<key>files</key>
			<array>
				<string>1CBF9E4C1823584800898EE0</string>
				<string>1CAFF137181F721A00BD4E4E</string>
				<string>1CAFF13C181F721A00BD4E4E</string>
				<string>1CAFF134181F721A00BD4E4E</string>
				<string>1CBF9E4B1823584800898EE0</string>
				<string>1CAFF12B181F721A00BD4E4E</string>
				<string>1CBF9E4D1823584800898EE0</string>
			</array>
			<key>isa</key>
			<string>PBXResourcesBuildPhase</string>
			<key>runOnlyForDeploymentPostprocessing</key>
			<string>0</string>
		</dict>
		<key>1CAFF11C181F721A00BD4E4E</key>
		<dict>
			<key>buildConfigurationList</key>
			<string>1CAFF152181F721A00BD4E4E</string>
			<key>buildPhases</key>
			<array>
				<string>6932ED4320FC4394A0B873E1</string>
				<string>1CAFF119181F721A00BD4E4E</string>
				<string>1CAFF11A181F721A00BD4E4E</string>
				<string>1CAFF11B181F721A00BD4E4E</string>
				<string>79C6F1B257B34181AE7CC25E</string>
			</array>
			<key>buildRules</key>
			<array/>
			<key>dependencies</key>
			<array/>
			<key>isa</key>
			<string>PBXNativeTarget</string>
			<key>name</key>
			<string>TAXHeaderSheetDemo</string>
			<key>productName</key>
			<string>TAXHeaderSheetDemo</string>
			<key>productReference</key>
			<string>1CAFF11D181F721A00BD4E4E</string>
			<key>productType</key>
			<string>com.apple.product-type.application</string>
		</dict>
		<key>1CAFF11D181F721A00BD4E4E</key>
		<dict>
			<key>explicitFileType</key>
			<string>wrapper.application</string>
			<key>includeInIndex</key>
			<string>0</string>
			<key>isa</key>
			<string>PBXFileReference</string>
			<key>path</key>
			<string>TAXHeaderSheetDemo.app</string>
			<key>sourceTree</key>
			<string>BUILT_PRODUCTS_DIR</string>
		</dict>
		<key>1CAFF11E181F721A00BD4E4E</key>
		<dict>
			<key>children</key>
			<array>
				<string>1CAFF11D181F721A00BD4E4E</string>
				<string>1CAFF141181F721A00BD4E4E</string>
			</array>
			<key>isa</key>
			<string>PBXGroup</string>
			<key>name</key>
			<string>Products</string>
			<key>sourceTree</key>
			<string>&lt;group&gt;</string>
		</dict>
		<key>1CAFF11F181F721A00BD4E4E</key>
		<dict>
			<key>children</key>
			<array>
				<string>1CAFF120181F721A00BD4E4E</string>
				<string>1CAFF122181F721A00BD4E4E</string>
				<string>1CAFF124181F721A00BD4E4E</string>
				<string>1CAFF142181F721A00BD4E4E</string>
				<string>987CAA0268D544DEAA5135D4</string>
			</array>
			<key>isa</key>
			<string>PBXGroup</string>
			<key>name</key>
			<string>Frameworks</string>
			<key>sourceTree</key>
			<string>&lt;group&gt;</string>
		</dict>
		<key>1CAFF120181F721A00BD4E4E</key>
		<dict>
			<key>isa</key>
			<string>PBXFileReference</string>
			<key>lastKnownFileType</key>
			<string>wrapper.framework</string>
			<key>name</key>
			<string>Foundation.framework</string>
			<key>path</key>
			<string>System/Library/Frameworks/Foundation.framework</string>
			<key>sourceTree</key>
			<string>SDKROOT</string>
		</dict>
		<key>1CAFF121181F721A00BD4E4E</key>
		<dict>
			<key>fileRef</key>
			<string>1CAFF120181F721A00BD4E4E</string>
			<key>isa</key>
			<string>PBXBuildFile</string>
		</dict>
		<key>1CAFF122181F721A00BD4E4E</key>
		<dict>
			<key>isa</key>
			<string>PBXFileReference</string>
			<key>lastKnownFileType</key>
			<string>wrapper.framework</string>
			<key>name</key>
			<string>CoreGraphics.framework</string>
			<key>path</key>
			<string>System/Library/Frameworks/CoreGraphics.framework</string>
			<key>sourceTree</key>
			<string>SDKROOT</string>
		</dict>
		<key>1CAFF123181F721A00BD4E4E</key>
		<dict>
			<key>fileRef</key>
			<string>1CAFF122181F721A00BD4E4E</string>
			<key>isa</key>
			<string>PBXBuildFile</string>
		</dict>
		<key>1CAFF124181F721A00BD4E4E</key>
		<dict>
			<key>isa</key>
			<string>PBXFileReference</string>
			<key>lastKnownFileType</key>
			<string>wrapper.framework</string>
			<key>name</key>
			<string>UIKit.framework</string>
			<key>path</key>
			<string>System/Library/Frameworks/UIKit.framework</string>
			<key>sourceTree</key>
			<string>SDKROOT</string>
		</dict>
		<key>1CAFF125181F721A00BD4E4E</key>
		<dict>
			<key>fileRef</key>
			<string>1CAFF124181F721A00BD4E4E</string>
			<key>isa</key>
			<string>PBXBuildFile</string>
		</dict>
		<key>1CAFF126181F721A00BD4E4E</key>
		<dict>
			<key>children</key>
			<array>
				<string>1CAFF12F181F721A00BD4E4E</string>
				<string>1CAFF130181F721A00BD4E4E</string>
				<string>1CAFF132181F721A00BD4E4E</string>
				<string>1CAFF135181F721A00BD4E4E</string>
				<string>1CAFF138181F721A00BD4E4E</string>
				<string>1CAFF139181F721A00BD4E4E</string>
				<string>1C5AFB7B182103830006F7D9</string>
				<string>1C5AFB7C182103830006F7D9</string>
				<string>1CAFF13B181F721A00BD4E4E</string>
				<string>1CAFF127181F721A00BD4E4E</string>
			</array>
			<key>isa</key>
			<string>PBXGroup</string>
			<key>path</key>
			<string>TAXHeaderSheetDemo</string>
			<key>sourceTree</key>
			<string>&lt;group&gt;</string>
		</dict>
		<key>1CAFF127181F721A00BD4E4E</key>
		<dict>
			<key>children</key>
			<array>
				<string>1CAFF128181F721A00BD4E4E</string>
				<string>1CAFF129181F721A00BD4E4E</string>
				<string>1CAFF12C181F721A00BD4E4E</string>
				<string>1CAFF12E181F721A00BD4E4E</string>
			</array>
			<key>isa</key>
			<string>PBXGroup</string>
			<key>name</key>
			<string>Supporting Files</string>
			<key>sourceTree</key>
			<string>&lt;group&gt;</string>
		</dict>
		<key>1CAFF128181F721A00BD4E4E</key>
		<dict>
			<key>isa</key>
			<string>PBXFileReference</string>
			<key>lastKnownFileType</key>
			<string>text.plist.xml</string>
			<key>path</key>
			<string>TAXHeaderSheetDemo-Info.plist</string>
			<key>sourceTree</key>
			<string>&lt;group&gt;</string>
		</dict>
		<key>1CAFF129181F721A00BD4E4E</key>
		<dict>
			<key>children</key>
			<array>
				<string>1CAFF12A181F721A00BD4E4E</string>
			</array>
			<key>isa</key>
			<string>PBXVariantGroup</string>
			<key>name</key>
			<string>InfoPlist.strings</string>
			<key>sourceTree</key>
			<string>&lt;group&gt;</string>
		</dict>
		<key>1CAFF12A181F721A00BD4E4E</key>
		<dict>
			<key>isa</key>
			<string>PBXFileReference</string>
			<key>lastKnownFileType</key>
			<string>text.plist.strings</string>
			<key>name</key>
			<string>en</string>
			<key>path</key>
			<string>en.lproj/InfoPlist.strings</string>
			<key>sourceTree</key>
			<string>&lt;group&gt;</string>
		</dict>
		<key>1CAFF12B181F721A00BD4E4E</key>
		<dict>
			<key>fileRef</key>
			<string>1CAFF129181F721A00BD4E4E</string>
			<key>isa</key>
			<string>PBXBuildFile</string>
		</dict>
		<key>1CAFF12C181F721A00BD4E4E</key>
		<dict>
			<key>isa</key>
			<string>PBXFileReference</string>
			<key>lastKnownFileType</key>
			<string>sourcecode.c.objc</string>
			<key>path</key>
			<string>main.m</string>
			<key>sourceTree</key>
			<string>&lt;group&gt;</string>
		</dict>
		<key>1CAFF12D181F721A00BD4E4E</key>
		<dict>
			<key>fileRef</key>
			<string>1CAFF12C181F721A00BD4E4E</string>
			<key>isa</key>
			<string>PBXBuildFile</string>
		</dict>
		<key>1CAFF12E181F721A00BD4E4E</key>
		<dict>
			<key>isa</key>
			<string>PBXFileReference</string>
			<key>lastKnownFileType</key>
			<string>sourcecode.c.h</string>
			<key>path</key>
			<string>TAXHeaderSheetDemo-Prefix.pch</string>
			<key>sourceTree</key>
			<string>&lt;group&gt;</string>
		</dict>
		<key>1CAFF12F181F721A00BD4E4E</key>
		<dict>
			<key>isa</key>
			<string>PBXFileReference</string>
			<key>lastKnownFileType</key>
			<string>sourcecode.c.h</string>
			<key>path</key>
			<string>AppDelegate.h</string>
			<key>sourceTree</key>
			<string>&lt;group&gt;</string>
		</dict>
		<key>1CAFF130181F721A00BD4E4E</key>
		<dict>
			<key>isa</key>
			<string>PBXFileReference</string>
			<key>lastKnownFileType</key>
			<string>sourcecode.c.objc</string>
			<key>path</key>
			<string>AppDelegate.m</string>
			<key>sourceTree</key>
			<string>&lt;group&gt;</string>
		</dict>
		<key>1CAFF131181F721A00BD4E4E</key>
		<dict>
			<key>fileRef</key>
			<string>1CAFF130181F721A00BD4E4E</string>
			<key>isa</key>
			<string>PBXBuildFile</string>
		</dict>
		<key>1CAFF132181F721A00BD4E4E</key>
		<dict>
			<key>children</key>
			<array>
				<string>1CAFF133181F721A00BD4E4E</string>
			</array>
			<key>isa</key>
			<string>PBXVariantGroup</string>
			<key>name</key>
			<string>Main_iPhone.storyboard</string>
			<key>sourceTree</key>
			<string>&lt;group&gt;</string>
		</dict>
		<key>1CAFF133181F721A00BD4E4E</key>
		<dict>
			<key>isa</key>
			<string>PBXFileReference</string>
			<key>lastKnownFileType</key>
			<string>file.storyboard</string>
			<key>name</key>
			<string>Base</string>
			<key>path</key>
			<string>Base.lproj/Main_iPhone.storyboard</string>
			<key>sourceTree</key>
			<string>&lt;group&gt;</string>
		</dict>
		<key>1CAFF134181F721A00BD4E4E</key>
		<dict>
			<key>fileRef</key>
			<string>1CAFF132181F721A00BD4E4E</string>
			<key>isa</key>
			<string>PBXBuildFile</string>
		</dict>
		<key>1CAFF135181F721A00BD4E4E</key>
		<dict>
			<key>children</key>
			<array>
				<string>1CAFF136181F721A00BD4E4E</string>
			</array>
			<key>isa</key>
			<string>PBXVariantGroup</string>
			<key>name</key>
			<string>Main_iPad.storyboard</string>
			<key>sourceTree</key>
			<string>&lt;group&gt;</string>
		</dict>
		<key>1CAFF136181F721A00BD4E4E</key>
		<dict>
			<key>isa</key>
			<string>PBXFileReference</string>
			<key>lastKnownFileType</key>
			<string>file.storyboard</string>
			<key>name</key>
			<string>Base</string>
			<key>path</key>
			<string>Base.lproj/Main_iPad.storyboard</string>
			<key>sourceTree</key>
			<string>&lt;group&gt;</string>
		</dict>
		<key>1CAFF137181F721A00BD4E4E</key>
		<dict>
			<key>fileRef</key>
			<string>1CAFF135181F721A00BD4E4E</string>
			<key>isa</key>
			<string>PBXBuildFile</string>
		</dict>
		<key>1CAFF138181F721A00BD4E4E</key>
		<dict>
			<key>isa</key>
			<string>PBXFileReference</string>
			<key>lastKnownFileType</key>
			<string>sourcecode.c.h</string>
			<key>path</key>
			<string>ViewController.h</string>
			<key>sourceTree</key>
			<string>&lt;group&gt;</string>
		</dict>
		<key>1CAFF139181F721A00BD4E4E</key>
		<dict>
			<key>isa</key>
			<string>PBXFileReference</string>
			<key>lastKnownFileType</key>
			<string>sourcecode.c.objc</string>
			<key>path</key>
			<string>ViewController.m</string>
			<key>sourceTree</key>
			<string>&lt;group&gt;</string>
		</dict>
		<key>1CAFF13A181F721A00BD4E4E</key>
		<dict>
			<key>fileRef</key>
			<string>1CAFF139181F721A00BD4E4E</string>
			<key>isa</key>
			<string>PBXBuildFile</string>
		</dict>
		<key>1CAFF13B181F721A00BD4E4E</key>
		<dict>
			<key>isa</key>
			<string>PBXFileReference</string>
			<key>lastKnownFileType</key>
			<string>folder.assetcatalog</string>
			<key>path</key>
			<string>Images.xcassets</string>
			<key>sourceTree</key>
			<string>&lt;group&gt;</string>
		</dict>
		<key>1CAFF13C181F721A00BD4E4E</key>
		<dict>
			<key>fileRef</key>
			<string>1CAFF13B181F721A00BD4E4E</string>
			<key>isa</key>
			<string>PBXBuildFile</string>
		</dict>
		<key>1CAFF13D181F721A00BD4E4E</key>
		<dict>
			<key>buildActionMask</key>
			<string>2147483647</string>
			<key>files</key>
			<array>
				<string>1CAFF14F181F721A00BD4E4E</string>
			</array>
			<key>isa</key>
			<string>PBXSourcesBuildPhase</string>
			<key>runOnlyForDeploymentPostprocessing</key>
			<string>0</string>
		</dict>
		<key>1CAFF13E181F721A00BD4E4E</key>
		<dict>
			<key>buildActionMask</key>
			<string>2147483647</string>
			<key>files</key>
			<array>
				<string>1CAFF143181F721A00BD4E4E</string>
				<string>1CAFF145181F721A00BD4E4E</string>
				<string>1CAFF144181F721A00BD4E4E</string>
			</array>
			<key>isa</key>
			<string>PBXFrameworksBuildPhase</string>
			<key>runOnlyForDeploymentPostprocessing</key>
			<string>0</string>
		</dict>
		<key>1CAFF13F181F721A00BD4E4E</key>
		<dict>
			<key>buildActionMask</key>
			<string>2147483647</string>
			<key>files</key>
			<array>
				<string>1CAFF14D181F721A00BD4E4E</string>
			</array>
			<key>isa</key>
			<string>PBXResourcesBuildPhase</string>
			<key>runOnlyForDeploymentPostprocessing</key>
			<string>0</string>
		</dict>
		<key>1CAFF140181F721A00BD4E4E</key>
		<dict>
			<key>buildConfigurationList</key>
			<string>1CAFF155181F721A00BD4E4E</string>
			<key>buildPhases</key>
			<array>
				<string>1CAFF13D181F721A00BD4E4E</string>
				<string>1CAFF13E181F721A00BD4E4E</string>
				<string>1CAFF13F181F721A00BD4E4E</string>
			</array>
			<key>buildRules</key>
			<array/>
			<key>dependencies</key>
			<array>
				<string>1CAFF147181F721A00BD4E4E</string>
			</array>
			<key>isa</key>
			<string>PBXNativeTarget</string>
			<key>name</key>
			<string>TAXHeaderSheetDemoTests</string>
			<key>productName</key>
			<string>TAXHeaderSheetDemoTests</string>
			<key>productReference</key>
			<string>1CAFF141181F721A00BD4E4E</string>
			<key>productType</key>
			<string>com.apple.product-type.bundle.unit-test</string>
		</dict>
		<key>1CAFF141181F721A00BD4E4E</key>
		<dict>
			<key>explicitFileType</key>
			<string>wrapper.cfbundle</string>
			<key>includeInIndex</key>
			<string>0</string>
			<key>isa</key>
			<string>PBXFileReference</string>
			<key>path</key>
			<string>TAXHeaderSheetDemoTests.xctest</string>
			<key>sourceTree</key>
			<string>BUILT_PRODUCTS_DIR</string>
		</dict>
		<key>1CAFF142181F721A00BD4E4E</key>
		<dict>
			<key>isa</key>
			<string>PBXFileReference</string>
			<key>lastKnownFileType</key>
			<string>wrapper.framework</string>
			<key>name</key>
			<string>XCTest.framework</string>
			<key>path</key>
			<string>Library/Frameworks/XCTest.framework</string>
			<key>sourceTree</key>
			<string>DEVELOPER_DIR</string>
		</dict>
		<key>1CAFF143181F721A00BD4E4E</key>
		<dict>
			<key>fileRef</key>
			<string>1CAFF142181F721A00BD4E4E</string>
			<key>isa</key>
			<string>PBXBuildFile</string>
		</dict>
		<key>1CAFF144181F721A00BD4E4E</key>
		<dict>
			<key>fileRef</key>
			<string>1CAFF120181F721A00BD4E4E</string>
			<key>isa</key>
			<string>PBXBuildFile</string>
		</dict>
		<key>1CAFF145181F721A00BD4E4E</key>
		<dict>
			<key>fileRef</key>
			<string>1CAFF124181F721A00BD4E4E</string>
			<key>isa</key>
			<string>PBXBuildFile</string>
		</dict>
		<key>1CAFF146181F721A00BD4E4E</key>
		<dict>
			<key>containerPortal</key>
			<string>1CAFF115181F721A00BD4E4E</string>
			<key>isa</key>
			<string>PBXContainerItemProxy</string>
			<key>proxyType</key>
			<string>1</string>
			<key>remoteGlobalIDString</key>
			<string>1CAFF11C181F721A00BD4E4E</string>
			<key>remoteInfo</key>
			<string>TAXHeaderSheetDemo</string>
		</dict>
		<key>1CAFF147181F721A00BD4E4E</key>
		<dict>
			<key>isa</key>
			<string>PBXTargetDependency</string>
			<key>target</key>
			<string>1CAFF11C181F721A00BD4E4E</string>
			<key>targetProxy</key>
			<string>1CAFF146181F721A00BD4E4E</string>
		</dict>
		<key>1CAFF148181F721A00BD4E4E</key>
		<dict>
			<key>children</key>
			<array>
				<string>1CAFF14E181F721A00BD4E4E</string>
				<string>1CAFF149181F721A00BD4E4E</string>
			</array>
			<key>isa</key>
			<string>PBXGroup</string>
			<key>path</key>
			<string>TAXHeaderSheetDemoTests</string>
			<key>sourceTree</key>
			<string>&lt;group&gt;</string>
		</dict>
		<key>1CAFF149181F721A00BD4E4E</key>
		<dict>
			<key>children</key>
			<array>
				<string>1CAFF14A181F721A00BD4E4E</string>
				<string>1CAFF14B181F721A00BD4E4E</string>
			</array>
			<key>isa</key>
			<string>PBXGroup</string>
			<key>name</key>
			<string>Supporting Files</string>
			<key>sourceTree</key>
			<string>&lt;group&gt;</string>
		</dict>
		<key>1CAFF14A181F721A00BD4E4E</key>
		<dict>
			<key>isa</key>
			<string>PBXFileReference</string>
			<key>lastKnownFileType</key>
			<string>text.plist.xml</string>
			<key>path</key>
			<string>TAXHeaderSheetDemoTests-Info.plist</string>
			<key>sourceTree</key>
			<string>&lt;group&gt;</string>
		</dict>
		<key>1CAFF14B181F721A00BD4E4E</key>
		<dict>
			<key>children</key>
			<array>
				<string>1CAFF14C181F721A00BD4E4E</string>
			</array>
			<key>isa</key>
			<string>PBXVariantGroup</string>
			<key>name</key>
			<string>InfoPlist.strings</string>
			<key>sourceTree</key>
			<string>&lt;group&gt;</string>
		</dict>
		<key>1CAFF14C181F721A00BD4E4E</key>
		<dict>
			<key>isa</key>
			<string>PBXFileReference</string>
			<key>lastKnownFileType</key>
			<string>text.plist.strings</string>
			<key>name</key>
			<string>en</string>
			<key>path</key>
			<string>en.lproj/InfoPlist.strings</string>
			<key>sourceTree</key>
			<string>&lt;group&gt;</string>
		</dict>
		<key>1CAFF14D181F721A00BD4E4E</key>
		<dict>
			<key>fileRef</key>
			<string>1CAFF14B181F721A00BD4E4E</string>
			<key>isa</key>
			<string>PBXBuildFile</string>
		</dict>
		<key>1CAFF14E181F721A00BD4E4E</key>
		<dict>
			<key>isa</key>
			<string>PBXFileReference</string>
			<key>lastKnownFileType</key>
			<string>sourcecode.c.objc</string>
			<key>path</key>
			<string>TAXHeaderSheetDemoTests.m</string>
			<key>sourceTree</key>
			<string>&lt;group&gt;</string>
		</dict>
		<key>1CAFF14F181F721A00BD4E4E</key>
		<dict>
			<key>fileRef</key>
			<string>1CAFF14E181F721A00BD4E4E</string>
			<key>isa</key>
			<string>PBXBuildFile</string>
		</dict>
		<key>1CAFF150181F721A00BD4E4E</key>
		<dict>
			<key>buildSettings</key>
			<dict>
				<key>ALWAYS_SEARCH_USER_PATHS</key>
				<string>NO</string>
				<key>CLANG_CXX_LANGUAGE_STANDARD</key>
				<string>gnu++0x</string>
				<key>CLANG_CXX_LIBRARY</key>
				<string>libc++</string>
				<key>CLANG_ENABLE_MODULES</key>
				<string>YES</string>
				<key>CLANG_ENABLE_OBJC_ARC</key>
				<string>YES</string>
				<key>CLANG_WARN_BOOL_CONVERSION</key>
				<string>YES</string>
				<key>CLANG_WARN_CONSTANT_CONVERSION</key>
				<string>YES</string>
				<key>CLANG_WARN_DIRECT_OBJC_ISA_USAGE</key>
				<string>YES_ERROR</string>
				<key>CLANG_WARN_EMPTY_BODY</key>
				<string>YES</string>
				<key>CLANG_WARN_ENUM_CONVERSION</key>
				<string>YES</string>
				<key>CLANG_WARN_INT_CONVERSION</key>
				<string>YES</string>
				<key>CLANG_WARN_OBJC_ROOT_CLASS</key>
				<string>YES_ERROR</string>
				<key>CLANG_WARN__DUPLICATE_METHOD_MATCH</key>
				<string>YES</string>
				<key>CODE_SIGN_IDENTITY[sdk=iphoneos*]</key>
				<string>iPhone Developer</string>
				<key>COPY_PHASE_STRIP</key>
				<string>NO</string>
				<key>GCC_C_LANGUAGE_STANDARD</key>
				<string>gnu99</string>
				<key>GCC_DYNAMIC_NO_PIC</key>
				<string>NO</string>
				<key>GCC_OPTIMIZATION_LEVEL</key>
				<string>0</string>
				<key>GCC_PREPROCESSOR_DEFINITIONS</key>
				<array>
					<string>DEBUG=1</string>
					<string>$(inherited)</string>
				</array>
				<key>GCC_SYMBOLS_PRIVATE_EXTERN</key>
				<string>NO</string>
				<key>GCC_WARN_64_TO_32_BIT_CONVERSION</key>
				<string>YES</string>
				<key>GCC_WARN_ABOUT_RETURN_TYPE</key>
				<string>YES_ERROR</string>
				<key>GCC_WARN_UNDECLARED_SELECTOR</key>
				<string>YES</string>
				<key>GCC_WARN_UNINITIALIZED_AUTOS</key>
				<string>YES</string>
				<key>GCC_WARN_UNUSED_FUNCTION</key>
				<string>YES</string>
				<key>GCC_WARN_UNUSED_VARIABLE</key>
				<string>YES</string>
				<key>IPHONEOS_DEPLOYMENT_TARGET</key>
				<string>6.0</string>
				<key>ONLY_ACTIVE_ARCH</key>
				<string>YES</string>
				<key>SDKROOT</key>
				<string>iphoneos</string>
				<key>TARGETED_DEVICE_FAMILY</key>
				<string>1,2</string>
			</dict>
			<key>isa</key>
			<string>XCBuildConfiguration</string>
			<key>name</key>
			<string>Debug</string>
		</dict>
		<key>1CAFF151181F721A00BD4E4E</key>
		<dict>
			<key>buildSettings</key>
			<dict>
				<key>ALWAYS_SEARCH_USER_PATHS</key>
				<string>NO</string>
				<key>CLANG_CXX_LANGUAGE_STANDARD</key>
				<string>gnu++0x</string>
				<key>CLANG_CXX_LIBRARY</key>
				<string>libc++</string>
				<key>CLANG_ENABLE_MODULES</key>
				<string>YES</string>
				<key>CLANG_ENABLE_OBJC_ARC</key>
				<string>YES</string>
				<key>CLANG_WARN_BOOL_CONVERSION</key>
				<string>YES</string>
				<key>CLANG_WARN_CONSTANT_CONVERSION</key>
				<string>YES</string>
				<key>CLANG_WARN_DIRECT_OBJC_ISA_USAGE</key>
				<string>YES_ERROR</string>
				<key>CLANG_WARN_EMPTY_BODY</key>
				<string>YES</string>
				<key>CLANG_WARN_ENUM_CONVERSION</key>
				<string>YES</string>
				<key>CLANG_WARN_INT_CONVERSION</key>
				<string>YES</string>
				<key>CLANG_WARN_OBJC_ROOT_CLASS</key>
				<string>YES_ERROR</string>
				<key>CLANG_WARN__DUPLICATE_METHOD_MATCH</key>
				<string>YES</string>
				<key>CODE_SIGN_IDENTITY[sdk=iphoneos*]</key>
				<string>iPhone Developer</string>
				<key>COPY_PHASE_STRIP</key>
				<string>YES</string>
				<key>ENABLE_NS_ASSERTIONS</key>
				<string>NO</string>
				<key>GCC_C_LANGUAGE_STANDARD</key>
				<string>gnu99</string>
				<key>GCC_WARN_64_TO_32_BIT_CONVERSION</key>
				<string>YES</string>
				<key>GCC_WARN_ABOUT_RETURN_TYPE</key>
				<string>YES_ERROR</string>
				<key>GCC_WARN_UNDECLARED_SELECTOR</key>
				<string>YES</string>
				<key>GCC_WARN_UNINITIALIZED_AUTOS</key>
				<string>YES</string>
				<key>GCC_WARN_UNUSED_FUNCTION</key>
				<string>YES</string>
				<key>GCC_WARN_UNUSED_VARIABLE</key>
				<string>YES</string>
				<key>IPHONEOS_DEPLOYMENT_TARGET</key>
				<string>6.0</string>
				<key>SDKROOT</key>
				<string>iphoneos</string>
				<key>TARGETED_DEVICE_FAMILY</key>
				<string>1,2</string>
				<key>VALIDATE_PRODUCT</key>
				<string>YES</string>
			</dict>
			<key>isa</key>
			<string>XCBuildConfiguration</string>
			<key>name</key>
			<string>Release</string>
		</dict>
		<key>1CAFF152181F721A00BD4E4E</key>
		<dict>
			<key>buildConfigurations</key>
			<array>
				<string>1CAFF153181F721A00BD4E4E</string>
				<string>1CAFF154181F721A00BD4E4E</string>
			</array>
			<key>defaultConfigurationIsVisible</key>
			<string>0</string>
			<key>defaultConfigurationName</key>
			<string>Release</string>
			<key>isa</key>
			<string>XCConfigurationList</string>
		</dict>
		<key>1CAFF153181F721A00BD4E4E</key>
		<dict>
			<key>baseConfigurationReference</key>
			<string>5A46421B63BFB04E8AB90340</string>
			<key>buildSettings</key>
			<dict>
				<key>ASSETCATALOG_COMPILER_APPICON_NAME</key>
				<string>AppIcon</string>
				<key>ASSETCATALOG_COMPILER_LAUNCHIMAGE_NAME</key>
				<string>LaunchImage</string>
				<key>GCC_PRECOMPILE_PREFIX_HEADER</key>
				<string>YES</string>
				<key>GCC_PREFIX_HEADER</key>
				<string>TAXHeaderSheetDemo/TAXHeaderSheetDemo-Prefix.pch</string>
				<key>INFOPLIST_FILE</key>
				<string>TAXHeaderSheetDemo/TAXHeaderSheetDemo-Info.plist</string>
				<key>IPHONEOS_DEPLOYMENT_TARGET</key>
				<string>6.0</string>
				<key>PRODUCT_NAME</key>
				<string>$(TARGET_NAME)</string>
				<key>WRAPPER_EXTENSION</key>
				<string>app</string>
			</dict>
			<key>isa</key>
			<string>XCBuildConfiguration</string>
			<key>name</key>
			<string>Debug</string>
		</dict>
		<key>1CAFF154181F721A00BD4E4E</key>
		<dict>
			<key>baseConfigurationReference</key>
			<string>C6F0587517589B8267117AE3</string>
			<key>buildSettings</key>
			<dict>
				<key>ASSETCATALOG_COMPILER_APPICON_NAME</key>
				<string>AppIcon</string>
				<key>ASSETCATALOG_COMPILER_LAUNCHIMAGE_NAME</key>
				<string>LaunchImage</string>
				<key>GCC_PRECOMPILE_PREFIX_HEADER</key>
				<string>YES</string>
				<key>GCC_PREFIX_HEADER</key>
				<string>TAXHeaderSheetDemo/TAXHeaderSheetDemo-Prefix.pch</string>
				<key>INFOPLIST_FILE</key>
				<string>TAXHeaderSheetDemo/TAXHeaderSheetDemo-Info.plist</string>
				<key>IPHONEOS_DEPLOYMENT_TARGET</key>
				<string>6.0</string>
				<key>PRODUCT_NAME</key>
				<string>$(TARGET_NAME)</string>
				<key>WRAPPER_EXTENSION</key>
				<string>app</string>
			</dict>
			<key>isa</key>
			<string>XCBuildConfiguration</string>
			<key>name</key>
			<string>Release</string>
		</dict>
		<key>1CAFF155181F721A00BD4E4E</key>
		<dict>
			<key>buildConfigurations</key>
			<array>
				<string>1CAFF156181F721A00BD4E4E</string>
				<string>1CAFF157181F721A00BD4E4E</string>
			</array>
			<key>defaultConfigurationIsVisible</key>
			<string>0</string>
			<key>defaultConfigurationName</key>
			<string>Release</string>
			<key>isa</key>
			<string>XCConfigurationList</string>
		</dict>
		<key>1CAFF156181F721A00BD4E4E</key>
		<dict>
			<key>buildSettings</key>
			<dict>
				<key>BUNDLE_LOADER</key>
				<string>$(BUILT_PRODUCTS_DIR)/TAXHeaderSheetDemo.app/TAXHeaderSheetDemo</string>
				<key>FRAMEWORK_SEARCH_PATHS</key>
				<array>
					<string>$(SDKROOT)/Developer/Library/Frameworks</string>
					<string>$(inherited)</string>
					<string>$(DEVELOPER_FRAMEWORKS_DIR)</string>
				</array>
				<key>GCC_PRECOMPILE_PREFIX_HEADER</key>
				<string>YES</string>
				<key>GCC_PREFIX_HEADER</key>
				<string>TAXHeaderSheetDemo/TAXHeaderSheetDemo-Prefix.pch</string>
				<key>GCC_PREPROCESSOR_DEFINITIONS</key>
				<array>
					<string>DEBUG=1</string>
					<string>$(inherited)</string>
				</array>
				<key>INFOPLIST_FILE</key>
				<string>TAXHeaderSheetDemoTests/TAXHeaderSheetDemoTests-Info.plist</string>
				<key>PRODUCT_NAME</key>
				<string>$(TARGET_NAME)</string>
				<key>TEST_HOST</key>
				<string>$(BUNDLE_LOADER)</string>
				<key>WRAPPER_EXTENSION</key>
				<string>xctest</string>
			</dict>
			<key>isa</key>
			<string>XCBuildConfiguration</string>
			<key>name</key>
			<string>Debug</string>
		</dict>
		<key>1CAFF157181F721A00BD4E4E</key>
		<dict>
			<key>buildSettings</key>
			<dict>
				<key>BUNDLE_LOADER</key>
				<string>$(BUILT_PRODUCTS_DIR)/TAXHeaderSheetDemo.app/TAXHeaderSheetDemo</string>
				<key>FRAMEWORK_SEARCH_PATHS</key>
				<array>
					<string>$(SDKROOT)/Developer/Library/Frameworks</string>
					<string>$(inherited)</string>
					<string>$(DEVELOPER_FRAMEWORKS_DIR)</string>
				</array>
				<key>GCC_PRECOMPILE_PREFIX_HEADER</key>
				<string>YES</string>
				<key>GCC_PREFIX_HEADER</key>
				<string>TAXHeaderSheetDemo/TAXHeaderSheetDemo-Prefix.pch</string>
				<key>INFOPLIST_FILE</key>
				<string>TAXHeaderSheetDemoTests/TAXHeaderSheetDemoTests-Info.plist</string>
				<key>PRODUCT_NAME</key>
				<string>$(TARGET_NAME)</string>
				<key>TEST_HOST</key>
				<string>$(BUNDLE_LOADER)</string>
				<key>WRAPPER_EXTENSION</key>
				<string>xctest</string>
			</dict>
			<key>isa</key>
			<string>XCBuildConfiguration</string>
			<key>name</key>
			<string>Release</string>
		</dict>
		<key>1CAFF158181F7D7000BD4E4E</key>
		<dict>
			<key>children</key>
			<array>
				<string>1CAFF159181F7D7000BD4E4E</string>
				<string>1CAFF15A181F7D7000BD4E4E</string>
			</array>
			<key>isa</key>
			<string>PBXGroup</string>
			<key>path</key>
			<string>TAXHeaderSheet</string>
			<key>sourceTree</key>
			<string>&lt;group&gt;</string>
		</dict>
		<key>1CAFF159181F7D7000BD4E4E</key>
		<dict>
			<key>fileEncoding</key>
			<string>4</string>
			<key>isa</key>
			<string>PBXFileReference</string>
			<key>lastKnownFileType</key>
			<string>sourcecode.c.h</string>
			<key>path</key>
			<string>TAXHeaderSheet.h</string>
			<key>sourceTree</key>
			<string>&lt;group&gt;</string>
		</dict>
		<key>1CAFF15A181F7D7000BD4E4E</key>
		<dict>
			<key>fileEncoding</key>
			<string>4</string>
			<key>isa</key>
			<string>PBXFileReference</string>
			<key>lastKnownFileType</key>
			<string>sourcecode.c.objc</string>
			<key>path</key>
			<string>TAXHeaderSheet.m</string>
			<key>sourceTree</key>
			<string>&lt;group&gt;</string>
		</dict>
		<key>1CAFF15B181F7D7000BD4E4E</key>
		<dict>
			<key>fileRef</key>
			<string>1CAFF15A181F7D7000BD4E4E</string>
			<key>isa</key>
			<string>PBXBuildFile</string>
		</dict>
		<key>1CBF9E481823584800898EE0</key>
		<dict>
			<key>fileEncoding</key>
			<string>4</string>
			<key>isa</key>
			<string>PBXFileReference</string>
			<key>lastKnownFileType</key>
			<string>text</string>
			<key>path</key>
			<string>LICENSE.txt</string>
			<key>sourceTree</key>
			<string>&lt;group&gt;</string>
		</dict>
		<key>1CBF9E491823584800898EE0</key>
		<dict>
			<key>fileEncoding</key>
			<string>4</string>
			<key>isa</key>
			<string>PBXFileReference</string>
			<key>lastKnownFileType</key>
			<string>text</string>
			<key>path</key>
			<string>README.md</string>
			<key>sourceTree</key>
			<string>&lt;group&gt;</string>
		</dict>
		<key>1CBF9E4A1823584800898EE0</key>
		<dict>
			<key>fileEncoding</key>
			<string>4</string>
			<key>isa</key>
			<string>PBXFileReference</string>
			<key>lastKnownFileType</key>
			<string>text</string>
			<key>path</key>
			<string>TAXHeaderSheet.podspec</string>
			<key>sourceTree</key>
			<string>&lt;group&gt;</string>
		</dict>
		<key>1CBF9E4B1823584800898EE0</key>
		<dict>
			<key>fileRef</key>
			<string>1CBF9E481823584800898EE0</string>
			<key>isa</key>
			<string>PBXBuildFile</string>
		</dict>
		<key>1CBF9E4C1823584800898EE0</key>
		<dict>
			<key>fileRef</key>
			<string>1CBF9E491823584800898EE0</string>
			<key>isa</key>
			<string>PBXBuildFile</string>
		</dict>
		<key>1CBF9E4D1823584800898EE0</key>
		<dict>
			<key>fileRef</key>
			<string>1CBF9E4A1823584800898EE0</string>
			<key>isa</key>
			<string>PBXBuildFile</string>
		</dict>
		<key>5042F16A0FA34CA38A08D6FA</key>
		<dict>
			<key>fileRef</key>
			<string>987CAA0268D544DEAA5135D4</string>
			<key>isa</key>
			<string>PBXBuildFile</string>
		</dict>
		<key>5A46421B63BFB04E8AB90340</key>
		<dict>
			<key>includeInIndex</key>
			<string>1</string>
			<key>isa</key>
			<string>PBXFileReference</string>
			<key>lastKnownFileType</key>
			<string>text.xcconfig</string>
			<key>name</key>
			<string>Pods.debug.xcconfig</string>
			<key>path</key>
			<string>Pods/Target Support Files/Pods/Pods.debug.xcconfig</string>
			<key>sourceTree</key>
			<string>&lt;group&gt;</string>
		</dict>
		<key>6932ED4320FC4394A0B873E1</key>
		<dict>
			<key>buildActionMask</key>
			<string>2147483647</string>
			<key>files</key>
			<array/>
			<key>inputPaths</key>
			<array/>
			<key>isa</key>
			<string>PBXShellScriptBuildPhase</string>
			<key>name</key>
			<string>Check Pods Manifest.lock</string>
			<key>outputPaths</key>
			<array/>
			<key>runOnlyForDeploymentPostprocessing</key>
			<string>0</string>
			<key>shellPath</key>
			<string>/bin/sh</string>
			<key>shellScript</key>
			<string>diff "${PODS_ROOT}/../Podfile.lock" "${PODS_ROOT}/Manifest.lock" &gt; /dev/null
if [[ $? != 0 ]] ; then
    cat &lt;&lt; EOM
error: The sandbox is not in sync with the Podfile.lock. Run 'pod install' or update your CocoaPods installation.
EOM
    exit 1
fi
</string>
			<key>showEnvVarsInLog</key>
			<string>0</string>
		</dict>
		<key>79C6F1B257B34181AE7CC25E</key>
		<dict>
			<key>buildActionMask</key>
			<string>2147483647</string>
			<key>files</key>
			<array/>
			<key>inputPaths</key>
			<array/>
			<key>isa</key>
			<string>PBXShellScriptBuildPhase</string>
			<key>name</key>
			<string>Copy Pods Resources</string>
			<key>outputPaths</key>
			<array/>
			<key>runOnlyForDeploymentPostprocessing</key>
			<string>0</string>
			<key>shellPath</key>
			<string>/bin/sh</string>
			<key>shellScript</key>
			<string>"${SRCROOT}/Pods/Target Support Files/Pods/Pods-resources.sh"
</string>
			<key>showEnvVarsInLog</key>
			<string>0</string>
		</dict>
		<key>987CAA0268D544DEAA5135D4</key>
		<dict>
			<key>explicitFileType</key>
			<string>archive.ar</string>
			<key>includeInIndex</key>
			<string>0</string>
			<key>isa</key>
			<string>PBXFileReference</string>
			<key>path</key>
			<string>libPods.a</string>
			<key>sourceTree</key>
			<string>BUILT_PRODUCTS_DIR</string>
		</dict>
		<key>C6F0587517589B8267117AE3</key>
		<dict>
			<key>includeInIndex</key>
			<string>1</string>
			<key>isa</key>
			<string>PBXFileReference</string>
			<key>lastKnownFileType</key>
			<string>text.xcconfig</string>
			<key>name</key>
			<string>Pods.release.xcconfig</string>
			<key>path</key>
			<string>Pods/Target Support Files/Pods/Pods.release.xcconfig</string>
			<key>sourceTree</key>
			<string>&lt;group&gt;</string>
		</dict>
		<key>C82F24B8B57C49EE043954D9</key>
		<dict>
			<key>children</key>
			<array>
				<string>5A46421B63BFB04E8AB90340</string>
				<string>C6F0587517589B8267117AE3</string>
			</array>
			<key>isa</key>
			<string>PBXGroup</string>
			<key>name</key>
			<string>Pods</string>
			<key>sourceTree</key>
			<string>&lt;group&gt;</string>
		</dict>
	</dict>
	<key>rootObject</key>
	<string>1CAFF115181F721A00BD4E4E</string>
</dict>
</plist>
