// !$*UTF8*$!
{
	archiveVersion = 1;
	classes = {
	};
	objectVersion = 46;
	objects = {

/* Begin PBXBuildFile section */
		1C5AFB7D182103830006F7D9 /* TAXLabelCell.m in Sources */ = {isa = PBXBuildFile; fileRef = 1C5AFB7C182103830006F7D9 /* TAXLabelCell.m */; };
		1CAFF121181F721A00BD4E4E /* Foundation.framework in Frameworks */ = {isa = PBXBuildFile; fileRef = 1CAFF120181F721A00BD4E4E /* Foundation.framework */; };
		1CAFF123181F721A00BD4E4E /* CoreGraphics.framework in Frameworks */ = {isa = PBXBuildFile; fileRef = 1CAFF122181F721A00BD4E4E /* CoreGraphics.framework */; };
		1CAFF125181F721A00BD4E4E /* UIKit.framework in Frameworks */ = {isa = PBXBuildFile; fileRef = 1CAFF124181F721A00BD4E4E /* UIKit.framework */; };
		1CAFF12B181F721A00BD4E4E /* InfoPlist.strings in Resources */ = {isa = PBXBuildFile; fileRef = 1CAFF129181F721A00BD4E4E /* InfoPlist.strings */; };
		1CAFF12D181F721A00BD4E4E /* main.m in Sources */ = {isa = PBXBuildFile; fileRef = 1CAFF12C181F721A00BD4E4E /* main.m */; };
		1CAFF131181F721A00BD4E4E /* AppDelegate.m in Sources */ = {isa = PBXBuildFile; fileRef = 1CAFF130181F721A00BD4E4E /* AppDelegate.m */; };
		1CAFF134181F721A00BD4E4E /* Main_iPhone.storyboard in Resources */ = {isa = PBXBuildFile; fileRef = 1CAFF132181F721A00BD4E4E /* Main_iPhone.storyboard */; };
		1CAFF137181F721A00BD4E4E /* Main_iPad.storyboard in Resources */ = {isa = PBXBuildFile; fileRef = 1CAFF135181F721A00BD4E4E /* Main_iPad.storyboard */; };
		1CAFF13A181F721A00BD4E4E /* ViewController.m in Sources */ = {isa = PBXBuildFile; fileRef = 1CAFF139181F721A00BD4E4E /* ViewController.m */; };
		1CAFF13C181F721A00BD4E4E /* Images.xcassets in Resources */ = {isa = PBXBuildFile; fileRef = 1CAFF13B181F721A00BD4E4E /* Images.xcassets */; };
		1CAFF143181F721A00BD4E4E /* XCTest.framework in Frameworks */ = {isa = PBXBuildFile; fileRef = 1CAFF142181F721A00BD4E4E /* XCTest.framework */; };
		1CAFF144181F721A00BD4E4E /* Foundation.framework in Frameworks */ = {isa = PBXBuildFile; fileRef = 1CAFF120181F721A00BD4E4E /* Foundation.framework */; };
		1CAFF145181F721A00BD4E4E /* UIKit.framework in Frameworks */ = {isa = PBXBuildFile; fileRef = 1CAFF124181F721A00BD4E4E /* UIKit.framework */; };
		1CAFF14D181F721A00BD4E4E /* InfoPlist.strings in Resources */ = {isa = PBXBuildFile; fileRef = 1CAFF14B181F721A00BD4E4E /* InfoPlist.strings */; };
		1CAFF14F181F721A00BD4E4E /* TAXHeaderSheetDemoTests.m in Sources */ = {isa = PBXBuildFile; fileRef = 1CAFF14E181F721A00BD4E4E /* TAXHeaderSheetDemoTests.m */; };
		1CAFF15B181F7D7000BD4E4E /* TAXHeaderSheet.m in Sources */ = {isa = PBXBuildFile; fileRef = 1CAFF15A181F7D7000BD4E4E /* TAXHeaderSheet.m */; };
		1CBF9E4B1823584800898EE0 /* LICENSE.txt in Resources */ = {isa = PBXBuildFile; fileRef = 1CBF9E481823584800898EE0 /* LICENSE.txt */; };
		1CBF9E4C1823584800898EE0 /* README.md in Resources */ = {isa = PBXBuildFile; fileRef = 1CBF9E491823584800898EE0 /* README.md */; };
		1CBF9E4D1823584800898EE0 /* TAXHeaderSheet.podspec in Resources */ = {isa = PBXBuildFile; fileRef = 1CBF9E4A1823584800898EE0 /* TAXHeaderSheet.podspec */; };
		5042F16A0FA34CA38A08D6FA /* libPods.a in Frameworks */ = {isa = PBXBuildFile; fileRef = 987CAA0268D544DEAA5135D4 /* libPods.a */; };
/* End PBXBuildFile section */

/* Begin PBXContainerItemProxy section */
		1CAFF146181F721A00BD4E4E /* PBXContainerItemProxy */ = {
			isa = PBXContainerItemProxy;
			containerPortal = 1CAFF115181F721A00BD4E4E /* Project object */;
			proxyType = 1;
			remoteGlobalIDString = 1CAFF11C181F721A00BD4E4E;
			remoteInfo = TAXHeaderSheetDemo;
		};
/* End PBXContainerItemProxy section */

/* Begin PBXFileReference section */
		1C5AFB7B182103830006F7D9 /* TAXLabelCell.h */ = {isa = PBXFileReference; fileEncoding = 4; lastKnownFileType = sourcecode.c.h; path = TAXLabelCell.h; sourceTree = "<group>"; };
		1C5AFB7C182103830006F7D9 /* TAXLabelCell.m */ = {isa = PBXFileReference; fileEncoding = 4; lastKnownFileType = sourcecode.c.objc; path = TAXLabelCell.m; sourceTree = "<group>"; };
		1CAFF11D181F721A00BD4E4E /* TAXHeaderSheetDemo.app */ = {isa = PBXFileReference; explicitFileType = wrapper.application; includeInIndex = 0; path = TAXHeaderSheetDemo.app; sourceTree = BUILT_PRODUCTS_DIR; };
		1CAFF120181F721A00BD4E4E /* Foundation.framework */ = {isa = PBXFileReference; lastKnownFileType = wrapper.framework; name = Foundation.framework; path = System/Library/Frameworks/Foundation.framework; sourceTree = SDKROOT; };
		1CAFF122181F721A00BD4E4E /* CoreGraphics.framework */ = {isa = PBXFileReference; lastKnownFileType = wrapper.framework; name = CoreGraphics.framework; path = System/Library/Frameworks/CoreGraphics.framework; sourceTree = SDKROOT; };
		1CAFF124181F721A00BD4E4E /* UIKit.framework */ = {isa = PBXFileReference; lastKnownFileType = wrapper.framework; name = UIKit.framework; path = System/Library/Frameworks/UIKit.framework; sourceTree = SDKROOT; };
		1CAFF128181F721A00BD4E4E /* TAXHeaderSheetDemo-Info.plist */ = {isa = PBXFileReference; lastKnownFileType = text.plist.xml; path = "TAXHeaderSheetDemo-Info.plist"; sourceTree = "<group>"; };
		1CAFF12A181F721A00BD4E4E /* en */ = {isa = PBXFileReference; lastKnownFileType = text.plist.strings; name = en; path = en.lproj/InfoPlist.strings; sourceTree = "<group>"; };
		1CAFF12C181F721A00BD4E4E /* main.m */ = {isa = PBXFileReference; lastKnownFileType = sourcecode.c.objc; path = main.m; sourceTree = "<group>"; };
		1CAFF12E181F721A00BD4E4E /* TAXHeaderSheetDemo-Prefix.pch */ = {isa = PBXFileReference; lastKnownFileType = sourcecode.c.h; path = "TAXHeaderSheetDemo-Prefix.pch"; sourceTree = "<group>"; };
		1CAFF12F181F721A00BD4E4E /* AppDelegate.h */ = {isa = PBXFileReference; lastKnownFileType = sourcecode.c.h; path = AppDelegate.h; sourceTree = "<group>"; };
		1CAFF130181F721A00BD4E4E /* AppDelegate.m */ = {isa = PBXFileReference; lastKnownFileType = sourcecode.c.objc; path = AppDelegate.m; sourceTree = "<group>"; };
		1CAFF133181F721A00BD4E4E /* Base */ = {isa = PBXFileReference; lastKnownFileType = file.storyboard; name = Base; path = Base.lproj/Main_iPhone.storyboard; sourceTree = "<group>"; };
		1CAFF136181F721A00BD4E4E /* Base */ = {isa = PBXFileReference; lastKnownFileType = file.storyboard; name = Base; path = Base.lproj/Main_iPad.storyboard; sourceTree = "<group>"; };
		1CAFF138181F721A00BD4E4E /* ViewController.h */ = {isa = PBXFileReference; lastKnownFileType = sourcecode.c.h; path = ViewController.h; sourceTree = "<group>"; };
		1CAFF139181F721A00BD4E4E /* ViewController.m */ = {isa = PBXFileReference; lastKnownFileType = sourcecode.c.objc; path = ViewController.m; sourceTree = "<group>"; };
		1CAFF13B181F721A00BD4E4E /* Images.xcassets */ = {isa = PBXFileReference; lastKnownFileType = folder.assetcatalog; path = Images.xcassets; sourceTree = "<group>"; };
		1CAFF141181F721A00BD4E4E /* TAXHeaderSheetDemoTests.xctest */ = {isa = PBXFileReference; explicitFileType = wrapper.cfbundle; includeInIndex = 0; path = TAXHeaderSheetDemoTests.xctest; sourceTree = BUILT_PRODUCTS_DIR; };
		1CAFF142181F721A00BD4E4E /* XCTest.framework */ = {isa = PBXFileReference; lastKnownFileType = wrapper.framework; name = XCTest.framework; path = Library/Frameworks/XCTest.framework; sourceTree = DEVELOPER_DIR; };
		1CAFF14A181F721A00BD4E4E /* TAXHeaderSheetDemoTests-Info.plist */ = {isa = PBXFileReference; lastKnownFileType = text.plist.xml; path = "TAXHeaderSheetDemoTests-Info.plist"; sourceTree = "<group>"; };
		1CAFF14C181F721A00BD4E4E /* en */ = {isa = PBXFileReference; lastKnownFileType = text.plist.strings; name = en; path = en.lproj/InfoPlist.strings; sourceTree = "<group>"; };
		1CAFF14E181F721A00BD4E4E /* TAXHeaderSheetDemoTests.m */ = {isa = PBXFileReference; lastKnownFileType = sourcecode.c.objc; path = TAXHeaderSheetDemoTests.m; sourceTree = "<group>"; };
		1CAFF159181F7D7000BD4E4E /* TAXHeaderSheet.h */ = {isa = PBXFileReference; fileEncoding = 4; lastKnownFileType = sourcecode.c.h; path = TAXHeaderSheet.h; sourceTree = "<group>"; };
		1CAFF15A181F7D7000BD4E4E /* TAXHeaderSheet.m */ = {isa = PBXFileReference; fileEncoding = 4; lastKnownFileType = sourcecode.c.objc; path = TAXHeaderSheet.m; sourceTree = "<group>"; };
		1CBF9E481823584800898EE0 /* LICENSE.txt */ = {isa = PBXFileReference; fileEncoding = 4; lastKnownFileType = text; path = LICENSE.txt; sourceTree = "<group>"; };
		1CBF9E491823584800898EE0 /* README.md */ = {isa = PBXFileReference; fileEncoding = 4; lastKnownFileType = text; path = README.md; sourceTree = "<group>"; };
		1CBF9E4A1823584800898EE0 /* TAXHeaderSheet.podspec */ = {isa = PBXFileReference; fileEncoding = 4; lastKnownFileType = text; path = TAXHeaderSheet.podspec; sourceTree = "<group>"; };
		8D238572CC3841D6A4A4A643 /* Pods.xcconfig */ = {isa = PBXFileReference; includeInIndex = 1; lastKnownFileType = text.xcconfig; name = Pods.xcconfig; path = Pods/Pods.xcconfig; sourceTree = "<group>"; };
		987CAA0268D544DEAA5135D4 /* libPods.a */ = {isa = PBXFileReference; explicitFileType = archive.ar; includeInIndex = 0; path = libPods.a; sourceTree = BUILT_PRODUCTS_DIR; };
/* End PBXFileReference section */

/* Begin PBXFrameworksBuildPhase section */
		1CAFF11A181F721A00BD4E4E /* Frameworks */ = {
			isa = PBXFrameworksBuildPhase;
			buildActionMask = 2147483647;
			files = (
				1CAFF123181F721A00BD4E4E /* CoreGraphics.framework in Frameworks */,
				1CAFF125181F721A00BD4E4E /* UIKit.framework in Frameworks */,
				1CAFF121181F721A00BD4E4E /* Foundation.framework in Frameworks */,
				5042F16A0FA34CA38A08D6FA /* libPods.a in Frameworks */,
			);
			runOnlyForDeploymentPostprocessing = 0;
		};
		1CAFF13E181F721A00BD4E4E /* Frameworks */ = {
			isa = PBXFrameworksBuildPhase;
			buildActionMask = 2147483647;
			files = (
				1CAFF143181F721A00BD4E4E /* XCTest.framework in Frameworks */,
				1CAFF145181F721A00BD4E4E /* UIKit.framework in Frameworks */,
				1CAFF144181F721A00BD4E4E /* Foundation.framework in Frameworks */,
			);
			runOnlyForDeploymentPostprocessing = 0;
		};
/* End PBXFrameworksBuildPhase section */

/* Begin PBXGroup section */
		1CAFF114181F721A00BD4E4E = {
			isa = PBXGroup;
			children = (
				1CBF9E481823584800898EE0 /* LICENSE.txt */,
				1CBF9E491823584800898EE0 /* README.md */,
				1CBF9E4A1823584800898EE0 /* TAXHeaderSheet.podspec */,
				1CAFF158181F7D7000BD4E4E /* TAXHeaderSheet */,
				1CAFF126181F721A00BD4E4E /* TAXHeaderSheetDemo */,
				1CAFF148181F721A00BD4E4E /* TAXHeaderSheetDemoTests */,
				1CAFF11F181F721A00BD4E4E /* Frameworks */,
				1CAFF11E181F721A00BD4E4E /* Products */,
				8D238572CC3841D6A4A4A643 /* Pods.xcconfig */,
			);
			sourceTree = "<group>";
		};
		1CAFF11E181F721A00BD4E4E /* Products */ = {
			isa = PBXGroup;
			children = (
				1CAFF11D181F721A00BD4E4E /* TAXHeaderSheetDemo.app */,
				1CAFF141181F721A00BD4E4E /* TAXHeaderSheetDemoTests.xctest */,
			);
			name = Products;
			sourceTree = "<group>";
		};
		1CAFF11F181F721A00BD4E4E /* Frameworks */ = {
			isa = PBXGroup;
			children = (
				1CAFF120181F721A00BD4E4E /* Foundation.framework */,
				1CAFF122181F721A00BD4E4E /* CoreGraphics.framework */,
				1CAFF124181F721A00BD4E4E /* UIKit.framework */,
				1CAFF142181F721A00BD4E4E /* XCTest.framework */,
				987CAA0268D544DEAA5135D4 /* libPods.a */,
			);
			name = Frameworks;
			sourceTree = "<group>";
		};
		1CAFF126181F721A00BD4E4E /* TAXHeaderSheetDemo */ = {
			isa = PBXGroup;
			children = (
				1CAFF12F181F721A00BD4E4E /* AppDelegate.h */,
				1CAFF130181F721A00BD4E4E /* AppDelegate.m */,
				1CAFF132181F721A00BD4E4E /* Main_iPhone.storyboard */,
				1CAFF135181F721A00BD4E4E /* Main_iPad.storyboard */,
				1CAFF138181F721A00BD4E4E /* ViewController.h */,
				1CAFF139181F721A00BD4E4E /* ViewController.m */,
				1C5AFB7B182103830006F7D9 /* TAXLabelCell.h */,
				1C5AFB7C182103830006F7D9 /* TAXLabelCell.m */,
				1CAFF13B181F721A00BD4E4E /* Images.xcassets */,
				1CAFF127181F721A00BD4E4E /* Supporting Files */,
			);
			path = TAXHeaderSheetDemo;
			sourceTree = "<group>";
		};
		1CAFF127181F721A00BD4E4E /* Supporting Files */ = {
			isa = PBXGroup;
			children = (
				1CAFF128181F721A00BD4E4E /* TAXHeaderSheetDemo-Info.plist */,
				1CAFF129181F721A00BD4E4E /* InfoPlist.strings */,
				1CAFF12C181F721A00BD4E4E /* main.m */,
				1CAFF12E181F721A00BD4E4E /* TAXHeaderSheetDemo-Prefix.pch */,
			);
			name = "Supporting Files";
			sourceTree = "<group>";
		};
		1CAFF148181F721A00BD4E4E /* TAXHeaderSheetDemoTests */ = {
			isa = PBXGroup;
			children = (
				1CAFF14E181F721A00BD4E4E /* TAXHeaderSheetDemoTests.m */,
				1CAFF149181F721A00BD4E4E /* Supporting Files */,
			);
			path = TAXHeaderSheetDemoTests;
			sourceTree = "<group>";
		};
		1CAFF149181F721A00BD4E4E /* Supporting Files */ = {
			isa = PBXGroup;
			children = (
				1CAFF14A181F721A00BD4E4E /* TAXHeaderSheetDemoTests-Info.plist */,
				1CAFF14B181F721A00BD4E4E /* InfoPlist.strings */,
			);
			name = "Supporting Files";
			sourceTree = "<group>";
		};
		1CAFF158181F7D7000BD4E4E /* TAXHeaderSheet */ = {
			isa = PBXGroup;
			children = (
				1CAFF159181F7D7000BD4E4E /* TAXHeaderSheet.h */,
				1CAFF15A181F7D7000BD4E4E /* TAXHeaderSheet.m */,
			);
			path = TAXHeaderSheet;
			sourceTree = "<group>";
		};
/* End PBXGroup section */

/* Begin PBXNativeTarget section */
		1CAFF11C181F721A00BD4E4E /* TAXHeaderSheetDemo */ = {
			isa = PBXNativeTarget;
			buildConfigurationList = 1CAFF152181F721A00BD4E4E /* Build configuration list for PBXNativeTarget "TAXHeaderSheetDemo" */;
			buildPhases = (
				6932ED4320FC4394A0B873E1 /* Check Pods Manifest.lock */,
				1CAFF119181F721A00BD4E4E /* Sources */,
				1CAFF11A181F721A00BD4E4E /* Frameworks */,
				1CAFF11B181F721A00BD4E4E /* Resources */,
				79C6F1B257B34181AE7CC25E /* Copy Pods Resources */,
			);
			buildRules = (
			);
			dependencies = (
			);
			name = TAXHeaderSheetDemo;
			productName = TAXHeaderSheetDemo;
			productReference = 1CAFF11D181F721A00BD4E4E /* TAXHeaderSheetDemo.app */;
			productType = "com.apple.product-type.application";
		};
		1CAFF140181F721A00BD4E4E /* TAXHeaderSheetDemoTests */ = {
			isa = PBXNativeTarget;
			buildConfigurationList = 1CAFF155181F721A00BD4E4E /* Build configuration list for PBXNativeTarget "TAXHeaderSheetDemoTests" */;
			buildPhases = (
				1CAFF13D181F721A00BD4E4E /* Sources */,
				1CAFF13E181F721A00BD4E4E /* Frameworks */,
				1CAFF13F181F721A00BD4E4E /* Resources */,
			);
			buildRules = (
			);
			dependencies = (
				1CAFF147181F721A00BD4E4E /* PBXTargetDependency */,
			);
			name = TAXHeaderSheetDemoTests;
			productName = TAXHeaderSheetDemoTests;
			productReference = 1CAFF141181F721A00BD4E4E /* TAXHeaderSheetDemoTests.xctest */;
			productType = "com.apple.product-type.bundle.unit-test";
		};
/* End PBXNativeTarget section */

/* Begin PBXProject section */
		1CAFF115181F721A00BD4E4E /* Project object */ = {
			isa = PBXProject;
			attributes = {
				LastUpgradeCheck = 0510;
				ORGANIZATIONNAME = "Twelve Axis";
				TargetAttributes = {
					1CAFF140181F721A00BD4E4E = {
						TestTargetID = 1CAFF11C181F721A00BD4E4E;
					};
				};
			};
			buildConfigurationList = 1CAFF118181F721A00BD4E4E /* Build configuration list for PBXProject "TAXHeaderSheetDemo" */;
			compatibilityVersion = "Xcode 3.2";
			developmentRegion = English;
			hasScannedForEncodings = 0;
			knownRegions = (
				en,
				Base,
			);
			mainGroup = 1CAFF114181F721A00BD4E4E;
			productRefGroup = 1CAFF11E181F721A00BD4E4E /* Products */;
			projectDirPath = "";
			projectRoot = "";
			targets = (
				1CAFF11C181F721A00BD4E4E /* TAXHeaderSheetDemo */,
				1CAFF140181F721A00BD4E4E /* TAXHeaderSheetDemoTests */,
			);
		};
/* End PBXProject section */

/* Begin PBXResourcesBuildPhase section */
		1CAFF11B181F721A00BD4E4E /* Resources */ = {
			isa = PBXResourcesBuildPhase;
			buildActionMask = 2147483647;
			files = (
				1CBF9E4C1823584800898EE0 /* README.md in Resources */,
				1CAFF137181F721A00BD4E4E /* Main_iPad.storyboard in Resources */,
				1CAFF13C181F721A00BD4E4E /* Images.xcassets in Resources */,
				1CAFF134181F721A00BD4E4E /* Main_iPhone.storyboard in Resources */,
				1CBF9E4B1823584800898EE0 /* LICENSE.txt in Resources */,
				1CAFF12B181F721A00BD4E4E /* InfoPlist.strings in Resources */,
				1CBF9E4D1823584800898EE0 /* TAXHeaderSheet.podspec in Resources */,
			);
			runOnlyForDeploymentPostprocessing = 0;
		};
		1CAFF13F181F721A00BD4E4E /* Resources */ = {
			isa = PBXResourcesBuildPhase;
			buildActionMask = 2147483647;
			files = (
				1CAFF14D181F721A00BD4E4E /* InfoPlist.strings in Resources */,
			);
			runOnlyForDeploymentPostprocessing = 0;
		};
/* End PBXResourcesBuildPhase section */

/* Begin PBXShellScriptBuildPhase section */
		6932ED4320FC4394A0B873E1 /* Check Pods Manifest.lock */ = {
			isa = PBXShellScriptBuildPhase;
			buildActionMask = 2147483647;
			files = (
			);
			inputPaths = (
			);
			name = "Check Pods Manifest.lock";
			outputPaths = (
			);
			runOnlyForDeploymentPostprocessing = 0;
			shellPath = /bin/sh;
			shellScript = "diff \"${PODS_ROOT}/../Podfile.lock\" \"${PODS_ROOT}/Manifest.lock\" > /dev/null\nif [[ $? != 0 ]] ; then\n    cat << EOM\nerror: The sandbox is not in sync with the Podfile.lock. Run 'pod install' or update your CocoaPods installation.\nEOM\n    exit 1\nfi\n";
			showEnvVarsInLog = 0;
		};
		79C6F1B257B34181AE7CC25E /* Copy Pods Resources */ = {
			isa = PBXShellScriptBuildPhase;
			buildActionMask = 2147483647;
			files = (
			);
			inputPaths = (
			);
			name = "Copy Pods Resources";
			outputPaths = (
			);
			runOnlyForDeploymentPostprocessing = 0;
			shellPath = /bin/sh;
			shellScript = "\"${SRCROOT}/Pods/Pods-resources.sh\"\n";
			showEnvVarsInLog = 0;
		};
/* End PBXShellScriptBuildPhase section */

/* Begin PBXSourcesBuildPhase section */
		1CAFF119181F721A00BD4E4E /* Sources */ = {
			isa = PBXSourcesBuildPhase;
			buildActionMask = 2147483647;
			files = (
				1CAFF13A181F721A00BD4E4E /* ViewController.m in Sources */,
				1CAFF131181F721A00BD4E4E /* AppDelegate.m in Sources */,
				1CAFF15B181F7D7000BD4E4E /* TAXHeaderSheet.m in Sources */,
				1CAFF12D181F721A00BD4E4E /* main.m in Sources */,
				1C5AFB7D182103830006F7D9 /* TAXLabelCell.m in Sources */,
			);
			runOnlyForDeploymentPostprocessing = 0;
		};
		1CAFF13D181F721A00BD4E4E /* Sources */ = {
			isa = PBXSourcesBuildPhase;
			buildActionMask = 2147483647;
			files = (
				1CAFF14F181F721A00BD4E4E /* TAXHeaderSheetDemoTests.m in Sources */,
			);
			runOnlyForDeploymentPostprocessing = 0;
		};
/* End PBXSourcesBuildPhase section */

/* Begin PBXTargetDependency section */
		1CAFF147181F721A00BD4E4E /* PBXTargetDependency */ = {
			isa = PBXTargetDependency;
			target = 1CAFF11C181F721A00BD4E4E /* TAXHeaderSheetDemo */;
			targetProxy = 1CAFF146181F721A00BD4E4E /* PBXContainerItemProxy */;
		};
/* End PBXTargetDependency section */

/* Begin PBXVariantGroup section */
		1CAFF129181F721A00BD4E4E /* InfoPlist.strings */ = {
			isa = PBXVariantGroup;
			children = (
				1CAFF12A181F721A00BD4E4E /* en */,
			);
			name = InfoPlist.strings;
			sourceTree = "<group>";
		};
		1CAFF132181F721A00BD4E4E /* Main_iPhone.storyboard */ = {
			isa = PBXVariantGroup;
			children = (
				1CAFF133181F721A00BD4E4E /* Base */,
			);
			name = Main_iPhone.storyboard;
			sourceTree = "<group>";
		};
		1CAFF135181F721A00BD4E4E /* Main_iPad.storyboard */ = {
			isa = PBXVariantGroup;
			children = (
				1CAFF136181F721A00BD4E4E /* Base */,
			);
			name = Main_iPad.storyboard;
			sourceTree = "<group>";
		};
		1CAFF14B181F721A00BD4E4E /* InfoPlist.strings */ = {
			isa = PBXVariantGroup;
			children = (
				1CAFF14C181F721A00BD4E4E /* en */,
			);
			name = InfoPlist.strings;
			sourceTree = "<group>";
		};
/* End PBXVariantGroup section */

/* Begin XCBuildConfiguration section */
		1CAFF150181F721A00BD4E4E /* Debug */ = {
			isa = XCBuildConfiguration;
			buildSettings = {
				ALWAYS_SEARCH_USER_PATHS = NO;
				CLANG_CXX_LANGUAGE_STANDARD = "gnu++0x";
				CLANG_CXX_LIBRARY = "libc++";
				CLANG_ENABLE_MODULES = YES;
				CLANG_ENABLE_OBJC_ARC = YES;
				CLANG_WARN_BOOL_CONVERSION = YES;
				CLANG_WARN_CONSTANT_CONVERSION = YES;
				CLANG_WARN_DIRECT_OBJC_ISA_USAGE = YES_ERROR;
				CLANG_WARN_EMPTY_BODY = YES;
				CLANG_WARN_ENUM_CONVERSION = YES;
				CLANG_WARN_INT_CONVERSION = YES;
				CLANG_WARN_OBJC_ROOT_CLASS = YES_ERROR;
				CLANG_WARN__DUPLICATE_METHOD_MATCH = YES;
				"CODE_SIGN_IDENTITY[sdk=iphoneos*]" = "iPhone Developer";
				COPY_PHASE_STRIP = NO;
				GCC_C_LANGUAGE_STANDARD = gnu99;
				GCC_DYNAMIC_NO_PIC = NO;
				GCC_OPTIMIZATION_LEVEL = 0;
				GCC_PREPROCESSOR_DEFINITIONS = (
					"DEBUG=1",
					"$(inherited)",
				);
				GCC_SYMBOLS_PRIVATE_EXTERN = NO;
				GCC_WARN_64_TO_32_BIT_CONVERSION = YES;
				GCC_WARN_ABOUT_RETURN_TYPE = YES_ERROR;
				GCC_WARN_UNDECLARED_SELECTOR = YES;
				GCC_WARN_UNINITIALIZED_AUTOS = YES;
				GCC_WARN_UNUSED_FUNCTION = YES;
				GCC_WARN_UNUSED_VARIABLE = YES;
				IPHONEOS_DEPLOYMENT_TARGET = 6.0;
				ONLY_ACTIVE_ARCH = YES;
				SDKROOT = iphoneos;
				TARGETED_DEVICE_FAMILY = "1,2";
			};
			name = Debug;
		};
		1CAFF151181F721A00BD4E4E /* Release */ = {
			isa = XCBuildConfiguration;
			buildSettings = {
				ALWAYS_SEARCH_USER_PATHS = NO;
				CLANG_CXX_LANGUAGE_STANDARD = "gnu++0x";
				CLANG_CXX_LIBRARY = "libc++";
				CLANG_ENABLE_MODULES = YES;
				CLANG_ENABLE_OBJC_ARC = YES;
				CLANG_WARN_BOOL_CONVERSION = YES;
				CLANG_WARN_CONSTANT_CONVERSION = YES;
				CLANG_WARN_DIRECT_OBJC_ISA_USAGE = YES_ERROR;
				CLANG_WARN_EMPTY_BODY = YES;
				CLANG_WARN_ENUM_CONVERSION = YES;
				CLANG_WARN_INT_CONVERSION = YES;
				CLANG_WARN_OBJC_ROOT_CLASS = YES_ERROR;
				CLANG_WARN__DUPLICATE_METHOD_MATCH = YES;
				"CODE_SIGN_IDENTITY[sdk=iphoneos*]" = "iPhone Developer";
				COPY_PHASE_STRIP = YES;
				ENABLE_NS_ASSERTIONS = NO;
				GCC_C_LANGUAGE_STANDARD = gnu99;
				GCC_WARN_64_TO_32_BIT_CONVERSION = YES;
				GCC_WARN_ABOUT_RETURN_TYPE = YES_ERROR;
				GCC_WARN_UNDECLARED_SELECTOR = YES;
				GCC_WARN_UNINITIALIZED_AUTOS = YES;
				GCC_WARN_UNUSED_FUNCTION = YES;
				GCC_WARN_UNUSED_VARIABLE = YES;
				IPHONEOS_DEPLOYMENT_TARGET = 6.0;
				SDKROOT = iphoneos;
				TARGETED_DEVICE_FAMILY = "1,2";
				VALIDATE_PRODUCT = YES;
			};
			name = Release;
		};
		1CAFF153181F721A00BD4E4E /* Debug */ = {
			isa = XCBuildConfiguration;
			baseConfigurationReference = 8D238572CC3841D6A4A4A643 /* Pods.xcconfig */;
			buildSettings = {
				ASSETCATALOG_COMPILER_APPICON_NAME = AppIcon;
				ASSETCATALOG_COMPILER_LAUNCHIMAGE_NAME = LaunchImage;
				GCC_PRECOMPILE_PREFIX_HEADER = YES;
				GCC_PREFIX_HEADER = "TAXHeaderSheetDemo/TAXHeaderSheetDemo-Prefix.pch";
				INFOPLIST_FILE = "TAXHeaderSheetDemo/TAXHeaderSheetDemo-Info.plist";
				IPHONEOS_DEPLOYMENT_TARGET = 6.0;
				PRODUCT_NAME = "$(TARGET_NAME)";
				WRAPPER_EXTENSION = app;
			};
			name = Debug;
		};
		1CAFF154181F721A00BD4E4E /* Release */ = {
			isa = XCBuildConfiguration;
			baseConfigurationReference = 8D238572CC3841D6A4A4A643 /* Pods.xcconfig */;
			buildSettings = {
				ASSETCATALOG_COMPILER_APPICON_NAME = AppIcon;
				ASSETCATALOG_COMPILER_LAUNCHIMAGE_NAME = LaunchImage;
				GCC_PRECOMPILE_PREFIX_HEADER = YES;
				GCC_PREFIX_HEADER = "TAXHeaderSheetDemo/TAXHeaderSheetDemo-Prefix.pch";
				INFOPLIST_FILE = "TAXHeaderSheetDemo/TAXHeaderSheetDemo-Info.plist";
				IPHONEOS_DEPLOYMENT_TARGET = 6.0;
				PRODUCT_NAME = "$(TARGET_NAME)";
				WRAPPER_EXTENSION = app;
			};
			name = Release;
		};
		1CAFF156181F721A00BD4E4E /* Debug */ = {
			isa = XCBuildConfiguration;
			buildSettings = {
				BUNDLE_LOADER = "$(BUILT_PRODUCTS_DIR)/TAXHeaderSheetDemo.app/TAXHeaderSheetDemo";
				FRAMEWORK_SEARCH_PATHS = (
					"$(SDKROOT)/Developer/Library/Frameworks",
					"$(inherited)",
					"$(DEVELOPER_FRAMEWORKS_DIR)",
				);
				GCC_PRECOMPILE_PREFIX_HEADER = YES;
				GCC_PREFIX_HEADER = "TAXHeaderSheetDemo/TAXHeaderSheetDemo-Prefix.pch";
				GCC_PREPROCESSOR_DEFINITIONS = (
					"DEBUG=1",
					"$(inherited)",
				);
				INFOPLIST_FILE = "TAXHeaderSheetDemoTests/TAXHeaderSheetDemoTests-Info.plist";
				PRODUCT_NAME = "$(TARGET_NAME)";
				TEST_HOST = "$(BUNDLE_LOADER)";
				WRAPPER_EXTENSION = xctest;
			};
			name = Debug;
		};
		1CAFF157181F721A00BD4E4E /* Release */ = {
			isa = XCBuildConfiguration;
			buildSettings = {
				BUNDLE_LOADER = "$(BUILT_PRODUCTS_DIR)/TAXHeaderSheetDemo.app/TAXHeaderSheetDemo";
				FRAMEWORK_SEARCH_PATHS = (
					"$(SDKROOT)/Developer/Library/Frameworks",
					"$(inherited)",
					"$(DEVELOPER_FRAMEWORKS_DIR)",
				);
				GCC_PRECOMPILE_PREFIX_HEADER = YES;
				GCC_PREFIX_HEADER = "TAXHeaderSheetDemo/TAXHeaderSheetDemo-Prefix.pch";
				INFOPLIST_FILE = "TAXHeaderSheetDemoTests/TAXHeaderSheetDemoTests-Info.plist";
				PRODUCT_NAME = "$(TARGET_NAME)";
				TEST_HOST = "$(BUNDLE_LOADER)";
				WRAPPER_EXTENSION = xctest;
			};
			name = Release;
		};
/* End XCBuildConfiguration section */

/* Begin XCConfigurationList section */
		1CAFF118181F721A00BD4E4E /* Build configuration list for PBXProject "TAXHeaderSheetDemo" */ = {
			isa = XCConfigurationList;
			buildConfigurations = (
				1CAFF150181F721A00BD4E4E /* Debug */,
				1CAFF151181F721A00BD4E4E /* Release */,
			);
			defaultConfigurationIsVisible = 0;
			defaultConfigurationName = Release;
		};
		1CAFF152181F721A00BD4E4E /* Build configuration list for PBXNativeTarget "TAXHeaderSheetDemo" */ = {
			isa = XCConfigurationList;
			buildConfigurations = (
				1CAFF153181F721A00BD4E4E /* Debug */,
				1CAFF154181F721A00BD4E4E /* Release */,
			);
			defaultConfigurationIsVisible = 0;
			defaultConfigurationName = Release;
		};
		1CAFF155181F721A00BD4E4E /* Build configuration list for PBXNativeTarget "TAXHeaderSheetDemoTests" */ = {
			isa = XCConfigurationList;
			buildConfigurations = (
				1CAFF156181F721A00BD4E4E /* Debug */,
				1CAFF157181F721A00BD4E4E /* Release */,
			);
			defaultConfigurationIsVisible = 0;
			defaultConfigurationName = Release;
		};
/* End XCConfigurationList section */
	};
	rootObject = 1CAFF115181F721A00BD4E4E /* Project object */;
}
